
Microsoft Visual Studio Solution File, Format Version 12.00
# Visual Studio Version 17
VisualStudioVersion = 17.11.35312.102
MinimumVisualStudioVersion = 10.0.40219.1
Project("{FAE04EC0-301F-11D3-BF4B-00C04F79EFBC}") = "EspresaUpdate2WDEIB", "EspresaUpdate2WDEIB\EspresaUpdate2WDEIB.csproj", "{D3970A7C-83F0-4488-9095-380D4AEA6645}"
EndProject
Global
	GlobalSection(SolutionConfigurationPlatforms) = preSolution
		Debug|Any CPU = Debug|Any CPU
		Release|Any CPU = Release|Any CPU
	EndGlobalSection
	GlobalSection(ProjectConfigurationPlatforms) = postSolution
		{D3970A7C-83F0-4488-9095-380D4AEA6645}.Debug|Any CPU.ActiveCfg = Debug|Any CPU
		{D3970A7C-83F0-4488-9095-380D4AEA6645}.Debug|Any CPU.Build.0 = Debug|Any CPU
		{D3970A7C-83F0-4488-9095-380D4AEA6645}.Release|Any CPU.ActiveCfg = Release|Any CPU
		{D3970A7C-83F0-4488-9095-380D4AEA6645}.Release|Any CPU.Build.0 = Release|Any CPU
	EndGlobalSection
	GlobalSection(SolutionProperties) = preSolution
		HideSolutionNode = FALSE
	EndGlobalSection
	GlobalSection(ExtensibilityGlobals) = postSolution
		SolutionGuid = {AA7B6B29-0923-4948-82C4-6254244C6F14}
	EndGlobalSection
EndGlobal
